Microsoft Visual Studio Solution File, Format Version 12.00
# Visual Studio Version 16
VisualStudioVersion = 16.0.28729.10
MinimumVisualStudioVersion = 10.0.40219.1
Project("{9A19103F-16F7-4668-BE54-9A1E7A4F7556}") = "ConstrainedObjectBuilder.UnitTests", "ConstrainedObjectBuilder.UnitTests\ConstrainedObjectBuilder.UnitTests.csproj", "{554C0D9F-4960-4D84-8C5B-19426E1F48E0}"
EndProject
Project("{FAE04EC0-301F-11D3-BF4B-00C04F79EFBC}") = "ConstrainedObjectBuilder", "ConstrainedObjectBuilder\ConstrainedObjectBuilder.csproj", "{0611A6CA-75A7-466D-8528-5E1B1FBEC8A6}"
EndProject
Global
	GlobalSection(SolutionConfigurationPlatforms) = preSolution
		Debug|Any CPU = Debug|Any CPU
		Release|Any CPU = Release|Any CPU
	EndGlobalSection
	GlobalSection(ProjectConfigurationPlatforms) = postSolution
		{554C0D9F-4960-4D84-8C5B-19426E1F48E0}.Debug|Any CPU.ActiveCfg = Debug|Any CPU
		{554C0D9F-4960-4D84-8C5B-19426E1F48E0}.Debug|Any CPU.Build.0 = Debug|Any CPU
		{554C0D9F-4960-4D84-8C5B-19426E1F48E0}.Release|Any CPU.ActiveCfg = Release|Any CPU
		{554C0D9F-4960-4D84-8C5B-19426E1F48E0}.Release|Any CPU.Build.0 = Release|Any CPU
		{0611A6CA-75A7-466D-8528-5E1B1FBEC8A6}.Debug|Any CPU.ActiveCfg = Debug|Any CPU
		{0611A6CA-75A7-466D-8528-5E1B1FBEC8A6}.Debug|Any CPU.Build.0 = Debug|Any CPU
		{0611A6CA-75A7-466D-8528-5E1B1FBEC8A6}.Release|Any CPU.ActiveCfg = Release|Any CPU
		{0611A6CA-75A7-466D-8528-5E1B1FBEC8A6}.Release|Any CPU.Build.0 = Release|Any CPU
	EndGlobalSection
	GlobalSection(SolutionProperties) = preSolution
		HideSolutionNode = FALSE
	EndGlobalSection
	GlobalSection(ExtensibilityGlobals) = postSolution
		SolutionGuid = {6145AE00-1051-4B94-9E08-A215344A1CB7}
	EndGlobalSection
EndGlobal
